
Microsoft Visual Studio Solution File, Format Version 12.00
# Visual Studio 2017
Project("{FAE04EC0-301F-11D3-BF4B-00C04F79EFBC}") = "CMV2A_Group3_Project.Plugins", "CMV2A_Group3_Project.Plugins.csproj", "{4DAEAE06-CBA6-3A76-D8B0-7CF6E61CA3D0}"
EndProject
Project("{FAE04EC0-301F-11D3-BF4B-00C04F79EFBC}") = "CMV2A_Group3_Project", "CMV2A_Group3_Project.csproj", "{5C2810F7-9E68-E4F7-9B39-8A86995681CE}"
EndProject
Project("{FAE04EC0-301F-11D3-BF4B-00C04F79EFBC}") = "CMV2A_Group3_Project.Editor.Plugins", "CMV2A_Group3_Project.Editor.Plugins.csproj", "{05CE70E7-6EDF-B502-EDDF-03CD2416BA0D}"
EndProject
Global
	GlobalSection(SolutionConfigurationPlatforms) = preSolution
		Debug|Any CPU = Debug|Any CPU
		Release|Any CPU = Release|Any CPU
	EndGlobalSection
	GlobalSection(ProjectConfigurationPlatforms) = postSolution
		{4DAEAE06-CBA6-3A76-D8B0-7CF6E61CA3D0}.Debug|Any CPU.ActiveCfg = Debug|Any CPU
		{4DAEAE06-CBA6-3A76-D8B0-7CF6E61CA3D0}.Debug|Any CPU.Build.0 = Debug|Any CPU
		{4DAEAE06-CBA6-3A76-D8B0-7CF6E61CA3D0}.Release|Any CPU.ActiveCfg = Release|Any CPU
		{4DAEAE06-CBA6-3A76-D8B0-7CF6E61CA3D0}.Release|Any CPU.Build.0 = Release|Any CPU
		{5C2810F7-9E68-E4F7-9B39-8A86995681CE}.Debug|Any CPU.ActiveCfg = Debug|Any CPU
		{5C2810F7-9E68-E4F7-9B39-8A86995681CE}.Debug|Any CPU.Build.0 = Debug|Any CPU
		{5C2810F7-9E68-E4F7-9B39-8A86995681CE}.Release|Any CPU.ActiveCfg = Release|Any CPU
		{5C2810F7-9E68-E4F7-9B39-8A86995681CE}.Release|Any CPU.Build.0 = Release|Any CPU
		{05CE70E7-6EDF-B502-EDDF-03CD2416BA0D}.Debug|Any CPU.ActiveCfg = Debug|Any CPU
		{05CE70E7-6EDF-B502-EDDF-03CD2416BA0D}.Debug|Any CPU.Build.0 = Debug|Any CPU
		{05CE70E7-6EDF-B502-EDDF-03CD2416BA0D}.Release|Any CPU.ActiveCfg = Release|Any CPU
		{05CE70E7-6EDF-B502-EDDF-03CD2416BA0D}.Release|Any CPU.Build.0 = Release|Any CPU
	EndGlobalSection
	GlobalSection(SolutionProperties) = preSolution
		HideSolutionNode = FALSE
	EndGlobalSection
EndGlobal
